
Microsoft Visual Studio Solution File, Format Version 12.00
# Visual Studio 15
VisualStudioVersion = 15.0.27428.2037
MinimumVisualStudioVersion = 10.0.40219.1
Project("{9A19103F-16F7-4668-BE54-9A1E7A4F7556}") = "MeetingSkillAPI", "MeetingSkillAPI.csproj", "{56252610-4898-4A80-AEB2-360DD43E8F9B}"
EndProject
Global
	GlobalSection(SolutionConfigurationPlatforms) = preSolution
		Debug|Any CPU = Debug|Any CPU
		Release|Any CPU = Release|Any CPU
	EndGlobalSection
	GlobalSection(ProjectConfigurationPlatforms) = postSolution
		{56252610-4898-4A80-AEB2-360DD43E8F9B}.Debug|Any CPU.ActiveCfg = Debug|Any CPU
		{56252610-4898-4A80-AEB2-360DD43E8F9B}.Debug|Any CPU.Build.0 = Debug|Any CPU
		{56252610-4898-4A80-AEB2-360DD43E8F9B}.Release|Any CPU.ActiveCfg = Release|Any CPU
		{56252610-4898-4A80-AEB2-360DD43E8F9B}.Release|Any CPU.Build.0 = Release|Any CPU
	EndGlobalSection
	GlobalSection(SolutionProperties) = preSolution
		HideSolutionNode = FALSE
	EndGlobalSection
	GlobalSection(ExtensibilityGlobals) = postSolution
		SolutionGuid = {5C118EC0-CDA6-481F-9B4D-A696523DA19C}
	EndGlobalSection
EndGlobal
