
Microsoft Visual Studio Solution File, Format Version 12.00
# Visual Studio Version 16
VisualStudioVersion = 16.0.30104.148
MinimumVisualStudioVersion = 10.0.40219.1
Project("{FAE04EC0-301F-11D3-BF4B-00C04F79EFBC}") = "UnitTestCryptography", "UnitTestCryptography.csproj", "{B43CAD66-6FFF-4263-B6FF-04A80E85F382}"
EndProject
Global
	GlobalSection(SolutionConfigurationPlatforms) = preSolution
		Debug|Any CPU = Debug|Any CPU
		Release|Any CPU = Release|Any CPU
	EndGlobalSection
	GlobalSection(ProjectConfigurationPlatforms) = postSolution
		{B43CAD66-6FFF-4263-B6FF-04A80E85F382}.Debug|Any CPU.ActiveCfg = Debug|Any CPU
		{B43CAD66-6FFF-4263-B6FF-04A80E85F382}.Debug|Any CPU.Build.0 = Debug|Any CPU
		{B43CAD66-6FFF-4263-B6FF-04A80E85F382}.Release|Any CPU.ActiveCfg = Release|Any CPU
		{B43CAD66-6FFF-4263-B6FF-04A80E85F382}.Release|Any CPU.Build.0 = Release|Any CPU
	EndGlobalSection
	GlobalSection(SolutionProperties) = preSolution
		HideSolutionNode = FALSE
	EndGlobalSection
	GlobalSection(ExtensibilityGlobals) = postSolution
		SolutionGuid = {218204DF-2570-4355-A45E-DB50212FDB70}
	EndGlobalSection
EndGlobal
